
Microsoft Visual Studio Solution File, Format Version 12.00
# Visual Studio Version 17
VisualStudioVersion = 17.10.35004.147
MinimumVisualStudioVersion = 10.0.40219.1
Project("{FAE04EC0-301F-11D3-BF4B-00C04F79EFBC}") = "AnnonymousMethods", "AnnonymousMethods\AnnonymousMethods.csproj", "{3765EE1A-73FF-437F-8933-B6F50990691C}"
EndProject
Global
	GlobalSection(SolutionConfigurationPlatforms) = preSolution
		Debug|Any CPU = Debug|Any CPU
		Release|Any CPU = Release|Any CPU
	EndGlobalSection
	GlobalSection(ProjectConfigurationPlatforms) = postSolution
		{3765EE1A-73FF-437F-8933-B6F50990691C}.Debug|Any CPU.ActiveCfg = Debug|Any CPU
		{3765EE1A-73FF-437F-8933-B6F50990691C}.Debug|Any CPU.Build.0 = Debug|Any CPU
		{3765EE1A-73FF-437F-8933-B6F50990691C}.Release|Any CPU.ActiveCfg = Release|Any CPU
		{3765EE1A-73FF-437F-8933-B6F50990691C}.Release|Any CPU.Build.0 = Release|Any CPU
	EndGlobalSection
	GlobalSection(SolutionProperties) = preSolution
		HideSolutionNode = FALSE
	EndGlobalSection
	GlobalSection(ExtensibilityGlobals) = postSolution
		SolutionGuid = {B92C2DBC-EEC3-484A-914C-BE5986E046C6}
	EndGlobalSection
EndGlobal
