
Microsoft Visual Studio Solution File, Format Version 12.00
# Visual Studio Version 17
VisualStudioVersion = 17.10.35004.147
MinimumVisualStudioVersion = 10.0.40219.1
Project("{FAE04EC0-301F-11D3-BF4B-00C04F79EFBC}") = "HelloWorldConsoleApp", "ConsoleApp\HelloWorldConsoleApp.csproj", "{F3B9A5F3-34AD-491F-BA35-8BAB658D72C8}"
EndProject
Project("{FAE04EC0-301F-11D3-BF4B-00C04F79EFBC}") = "PrintShapeApp", "PrintShape\PrintShapeApp.csproj", "{0CED6B7A-7448-41AB-837E-36BD6D41333E}"
EndProject
Project("{FAE04EC0-301F-11D3-BF4B-00C04F79EFBC}") = "VariableInCS", "VariableInCS\VariableInCS.csproj", "{203B2DBF-B3C9-43B9-AA62-C2AA87BD0145}"
EndProject
Project("{FAE04EC0-301F-11D3-BF4B-00C04F79EFBC}") = "StringInCS", "StringInCS\StringInCS.csproj", "{3CD02012-E661-4088-AFDF-F072D2874F4B}"
EndProject
Global
	GlobalSection(SolutionConfigurationPlatforms) = preSolution
		Debug|Any CPU = Debug|Any CPU
		Release|Any CPU = Release|Any CPU
	EndGlobalSection
	GlobalSection(ProjectConfigurationPlatforms) = postSolution
		{F3B9A5F3-34AD-491F-BA35-8BAB658D72C8}.Debug|Any CPU.ActiveCfg = Debug|Any CPU
		{F3B9A5F3-34AD-491F-BA35-8BAB658D72C8}.Debug|Any CPU.Build.0 = Debug|Any CPU
		{F3B9A5F3-34AD-491F-BA35-8BAB658D72C8}.Release|Any CPU.ActiveCfg = Release|Any CPU
		{F3B9A5F3-34AD-491F-BA35-8BAB658D72C8}.Release|Any CPU.Build.0 = Release|Any CPU
		{0CED6B7A-7448-41AB-837E-36BD6D41333E}.Debug|Any CPU.ActiveCfg = Debug|Any CPU
		{0CED6B7A-7448-41AB-837E-36BD6D41333E}.Debug|Any CPU.Build.0 = Debug|Any CPU
		{0CED6B7A-7448-41AB-837E-36BD6D41333E}.Release|Any CPU.ActiveCfg = Release|Any CPU
		{0CED6B7A-7448-41AB-837E-36BD6D41333E}.Release|Any CPU.Build.0 = Release|Any CPU
		{203B2DBF-B3C9-43B9-AA62-C2AA87BD0145}.Debug|Any CPU.ActiveCfg = Debug|Any CPU
		{203B2DBF-B3C9-43B9-AA62-C2AA87BD0145}.Debug|Any CPU.Build.0 = Debug|Any CPU
		{203B2DBF-B3C9-43B9-AA62-C2AA87BD0145}.Release|Any CPU.ActiveCfg = Release|Any CPU
		{203B2DBF-B3C9-43B9-AA62-C2AA87BD0145}.Release|Any CPU.Build.0 = Release|Any CPU
		{3CD02012-E661-4088-AFDF-F072D2874F4B}.Debug|Any CPU.ActiveCfg = Debug|Any CPU
		{3CD02012-E661-4088-AFDF-F072D2874F4B}.Debug|Any CPU.Build.0 = Debug|Any CPU
		{3CD02012-E661-4088-AFDF-F072D2874F4B}.Release|Any CPU.ActiveCfg = Release|Any CPU
		{3CD02012-E661-4088-AFDF-F072D2874F4B}.Release|Any CPU.Build.0 = Release|Any CPU
	EndGlobalSection
	GlobalSection(SolutionProperties) = preSolution
		HideSolutionNode = FALSE
	EndGlobalSection
	GlobalSection(ExtensibilityGlobals) = postSolution
		SolutionGuid = {45595D0D-57C5-41D5-ABBD-5AF1D7FAAEE5}
	EndGlobalSection
EndGlobal
