
Microsoft Visual Studio Solution File, Format Version 12.00
# Visual Studio Version 17
VisualStudioVersion = 17.10.35004.147
MinimumVisualStudioVersion = 10.0.40219.1
Project("{FAE04EC0-301F-11D3-BF4B-00C04F79EFBC}") = "EventDelegates", "EventDelegates\EventDelegates.csproj", "{18D09E99-B149-4FDD-BB54-6F9CAEFCD3DC}"
EndProject
Project("{FAE04EC0-301F-11D3-BF4B-00C04F79EFBC}") = "EventDelegateLibrary", "EventDelegateLibrary\EventDelegateLibrary.csproj", "{4F396814-82D5-45C5-A3B1-583D0100EC94}"
EndProject
Global
	GlobalSection(SolutionConfigurationPlatforms) = preSolution
		Debug|Any CPU = Debug|Any CPU
		Release|Any CPU = Release|Any CPU
	EndGlobalSection
	GlobalSection(ProjectConfigurationPlatforms) = postSolution
		{18D09E99-B149-4FDD-BB54-6F9CAEFCD3DC}.Debug|Any CPU.ActiveCfg = Debug|Any CPU
		{18D09E99-B149-4FDD-BB54-6F9CAEFCD3DC}.Debug|Any CPU.Build.0 = Debug|Any CPU
		{18D09E99-B149-4FDD-BB54-6F9CAEFCD3DC}.Release|Any CPU.ActiveCfg = Release|Any CPU
		{18D09E99-B149-4FDD-BB54-6F9CAEFCD3DC}.Release|Any CPU.Build.0 = Release|Any CPU
		{4F396814-82D5-45C5-A3B1-583D0100EC94}.Debug|Any CPU.ActiveCfg = Debug|Any CPU
		{4F396814-82D5-45C5-A3B1-583D0100EC94}.Debug|Any CPU.Build.0 = Debug|Any CPU
		{4F396814-82D5-45C5-A3B1-583D0100EC94}.Release|Any CPU.ActiveCfg = Release|Any CPU
		{4F396814-82D5-45C5-A3B1-583D0100EC94}.Release|Any CPU.Build.0 = Release|Any CPU
	EndGlobalSection
	GlobalSection(SolutionProperties) = preSolution
		HideSolutionNode = FALSE
	EndGlobalSection
	GlobalSection(ExtensibilityGlobals) = postSolution
		SolutionGuid = {53338CD1-1CB3-4EC7-9BBD-2608E24A91C6}
	EndGlobalSection
EndGlobal
