
Microsoft Visual Studio Solution File, Format Version 12.00
# Visual Studio Version 17
VisualStudioVersion = 17.10.35004.147
MinimumVisualStudioVersion = 10.0.40219.1
Project("{FAE04EC0-301F-11D3-BF4B-00C04F79EFBC}") = "StaticAndConst", "StaticAndConst\StaticAndConst.csproj", "{FFAED880-911A-4162-93C8-7F16AE0DCE0D}"
EndProject
Global
	GlobalSection(SolutionConfigurationPlatforms) = preSolution
		Debug|Any CPU = Debug|Any CPU
		Release|Any CPU = Release|Any CPU
	EndGlobalSection
	GlobalSection(ProjectConfigurationPlatforms) = postSolution
		{FFAED880-911A-4162-93C8-7F16AE0DCE0D}.Debug|Any CPU.ActiveCfg = Debug|Any CPU
		{FFAED880-911A-4162-93C8-7F16AE0DCE0D}.Debug|Any CPU.Build.0 = Debug|Any CPU
		{FFAED880-911A-4162-93C8-7F16AE0DCE0D}.Release|Any CPU.ActiveCfg = Release|Any CPU
		{FFAED880-911A-4162-93C8-7F16AE0DCE0D}.Release|Any CPU.Build.0 = Release|Any CPU
	EndGlobalSection
	GlobalSection(SolutionProperties) = preSolution
		HideSolutionNode = FALSE
	EndGlobalSection
	GlobalSection(ExtensibilityGlobals) = postSolution
		SolutionGuid = {E718BFE1-2C8E-4DD6-A2A0-BA61B5307ED2}
	EndGlobalSection
EndGlobal
