
Microsoft Visual Studio Solution File, Format Version 12.00
# Visual Studio Version 17
VisualStudioVersion = 17.10.35004.147
MinimumVisualStudioVersion = 10.0.40219.1
Project("{FAE04EC0-301F-11D3-BF4B-00C04F79EFBC}") = "NullableTypes", "NullableTypes\NullableTypes.csproj", "{9D60311D-6D29-4BD9-82F8-C3D2BB5F2E20}"
EndProject
Global
	GlobalSection(SolutionConfigurationPlatforms) = preSolution
		Debug|Any CPU = Debug|Any CPU
		Release|Any CPU = Release|Any CPU
	EndGlobalSection
	GlobalSection(ProjectConfigurationPlatforms) = postSolution
		{9D60311D-6D29-4BD9-82F8-C3D2BB5F2E20}.Debug|Any CPU.ActiveCfg = Debug|Any CPU
		{9D60311D-6D29-4BD9-82F8-C3D2BB5F2E20}.Debug|Any CPU.Build.0 = Debug|Any CPU
		{9D60311D-6D29-4BD9-82F8-C3D2BB5F2E20}.Release|Any CPU.ActiveCfg = Release|Any CPU
		{9D60311D-6D29-4BD9-82F8-C3D2BB5F2E20}.Release|Any CPU.Build.0 = Release|Any CPU
	EndGlobalSection
	GlobalSection(SolutionProperties) = preSolution
		HideSolutionNode = FALSE
	EndGlobalSection
	GlobalSection(ExtensibilityGlobals) = postSolution
		SolutionGuid = {614A3E01-0F25-4A3C-AAA1-9C27F6C8370E}
	EndGlobalSection
EndGlobal
